
Microsoft Visual Studio Solution File, Format Version 12.00
# Visual Studio Version 16
VisualStudioVersion = 16.0.29411.108
MinimumVisualStudioVersion = 10.0.40219.1
Project("{FAE04EC0-301F-11D3-BF4B-00C04F79EFBC}") = "PuzzleSolver_Library", "PuzzleSolver_Library\PuzzleSolver_Library.csproj", "{1B7BE248-803C-48FF-A991-B61984F95116}"
EndProject
Project("{FAE04EC0-301F-11D3-BF4B-00C04F79EFBC}") = "PuzzleSolver_Console", "PuzzleSolver_Console\PuzzleSolver_Console.csproj", "{AA3929E8-F177-4E14-9171-5A61191AC3BF}"
EndProject
Project("{FAE04EC0-301F-11D3-BF4B-00C04F79EFBC}") = "PuzzleSolver_Forms", "PuzzleSolver_Forms\PuzzleSolver_Forms.csproj", "{1170D6FE-7D5B-4F35-BC1D-AF0071868CB7}"
EndProject
Global
	GlobalSection(SolutionConfigurationPlatforms) = preSolution
		Debug|Any CPU = Debug|Any CPU
		Release|Any CPU = Release|Any CPU
	EndGlobalSection
	GlobalSection(ProjectConfigurationPlatforms) = postSolution
		{1B7BE248-803C-48FF-A991-B61984F95116}.Debug|Any CPU.ActiveCfg = Debug|Any CPU
		{1B7BE248-803C-48FF-A991-B61984F95116}.Debug|Any CPU.Build.0 = Debug|Any CPU
		{1B7BE248-803C-48FF-A991-B61984F95116}.Release|Any CPU.ActiveCfg = Release|Any CPU
		{1B7BE248-803C-48FF-A991-B61984F95116}.Release|Any CPU.Build.0 = Release|Any CPU
		{AA3929E8-F177-4E14-9171-5A61191AC3BF}.Debug|Any CPU.ActiveCfg = Debug|Any CPU
		{AA3929E8-F177-4E14-9171-5A61191AC3BF}.Debug|Any CPU.Build.0 = Debug|Any CPU
		{AA3929E8-F177-4E14-9171-5A61191AC3BF}.Release|Any CPU.ActiveCfg = Release|Any CPU
		{AA3929E8-F177-4E14-9171-5A61191AC3BF}.Release|Any CPU.Build.0 = Release|Any CPU
		{1170D6FE-7D5B-4F35-BC1D-AF0071868CB7}.Debug|Any CPU.ActiveCfg = Debug|Any CPU
		{1170D6FE-7D5B-4F35-BC1D-AF0071868CB7}.Debug|Any CPU.Build.0 = Debug|Any CPU
		{1170D6FE-7D5B-4F35-BC1D-AF0071868CB7}.Release|Any CPU.ActiveCfg = Release|Any CPU
		{1170D6FE-7D5B-4F35-BC1D-AF0071868CB7}.Release|Any CPU.Build.0 = Release|Any CPU
	EndGlobalSection
	GlobalSection(SolutionProperties) = preSolution
		HideSolutionNode = FALSE
	EndGlobalSection
	GlobalSection(ExtensibilityGlobals) = postSolution
		SolutionGuid = {8F8C8C3F-FAD1-4F9F-B8C8-C4F0C02B65B4}
	EndGlobalSection
EndGlobal
